// !$*UTF8*$!
{
	archiveVersion = 1;
	classes = {
	};
	objectVersion = 56;
	objects = {

/* Begin PBXBuildFile section */
		E40EA0FE2C56EB4900B1D1F3 /* AppDelegate.swift in Sources */ = {isa = PBXBuildFile; fileRef = E40EA0FD2C56EB4900B1D1F3 /* AppDelegate.swift */; };
		E40EA1002C56EB4900B1D1F3 /* SceneDelegate.swift in Sources */ = {isa = PBXBuildFile; fileRef = E40EA0FF2C56EB4900B1D1F3 /* SceneDelegate.swift */; };
		E40EA1022C56EB4900B1D1F3 /* ViewController.swift in Sources */ = {isa = PBXBuildFile; fileRef = E40EA1012C56EB4900B1D1F3 /* ViewController.swift */; };
		E40EA1052C56EB4900B1D1F3 /* Base in Resources */ = {isa = PBXBuildFile; fileRef = E40EA1042C56EB4900B1D1F3 /* Base */; };
		E40EA1072C56EB4B00B1D1F3 /* Assets.xcassets in Resources */ = {isa = PBXBuildFile; fileRef = E40EA1062C56EB4B00B1D1F3 /* Assets.xcassets */; };
		E40EA10A2C56EB4B00B1D1F3 /* Base in Resources */ = {isa = PBXBuildFile; fileRef = E40EA1092C56EB4B00B1D1F3 /* Base */; };
		E40EA1152C56EB4B00B1D1F3 /* FetchRewardsMockTests.swift in Sources */ = {isa = PBXBuildFile; fileRef = E40EA1142C56EB4B00B1D1F3 /* FetchRewardsMockTests.swift */; };
		E40EA11F2C56EB4B00B1D1F3 /* FetchRewardsMockUITests.swift in Sources */ = {isa = PBXBuildFile; fileRef = E40EA11E2C56EB4B00B1D1F3 /* FetchRewardsMockUITests.swift */; };
		E40EA1212C56EB4B00B1D1F3 /* FetchRewardsMockUITestsLaunchTests.swift in Sources */ = {isa = PBXBuildFile; fileRef = E40EA1202C56EB4B00B1D1F3 /* FetchRewardsMockUITestsLaunchTests.swift */; };
		E40EA1322C56EF8600B1D1F3 /* Recipe.swift in Sources */ = {isa = PBXBuildFile; fileRef = E40EA1312C56EF8600B1D1F3 /* Recipe.swift */; };
		E40EA1342C56F0FF00B1D1F3 /* Meal.swift in Sources */ = {isa = PBXBuildFile; fileRef = E40EA1332C56F0FF00B1D1F3 /* Meal.swift */; };
		E40EA1362C56F15D00B1D1F3 /* Category.swift in Sources */ = {isa = PBXBuildFile; fileRef = E40EA1352C56F15D00B1D1F3 /* Category.swift */; };
		E40EA1382C57005900B1D1F3 /* NetworkManager.swift in Sources */ = {isa = PBXBuildFile; fileRef = E40EA1372C57005900B1D1F3 /* NetworkManager.swift */; };
/* End PBXBuildFile section */

/* Begin PBXContainerItemProxy section */
		E40EA1112C56EB4B00B1D1F3 /* PBXContainerItemProxy */ = {
			isa = PBXContainerItemProxy;
			containerPortal = E40EA0F22C56EB4900B1D1F3 /* Project object */;
			proxyType = 1;
			remoteGlobalIDString = E40EA0F92C56EB4900B1D1F3;
			remoteInfo = FetchRewardsMock;
		};
		E40EA11B2C56EB4B00B1D1F3 /* PBXContainerItemProxy */ = {
			isa = PBXContainerItemProxy;
			containerPortal = E40EA0F22C56EB4900B1D1F3 /* Project object */;
			proxyType = 1;
			remoteGlobalIDString = E40EA0F92C56EB4900B1D1F3;
			remoteInfo = FetchRewardsMock;
		};
/* End PBXContainerItemProxy section */

/* Begin PBXFileReference section */
		E40EA0FA2C56EB4900B1D1F3 /* FetchRewardsMock.app */ = {isa = PBXFileReference; explicitFileType = wrapper.application; includeInIndex = 0; path = FetchRewardsMock.app; sourceTree = BUILT_PRODUCTS_DIR; };
		E40EA0FD2C56EB4900B1D1F3 /* AppDelegate.swift */ = {isa = PBXFileReference; lastKnownFileType = sourcecode.swift; path = AppDelegate.swift; sourceTree = "<group>"; };
		E40EA0FF2C56EB4900B1D1F3 /* SceneDelegate.swift */ = {isa = PBXFileReference; lastKnownFileType = sourcecode.swift; path = SceneDelegate.swift; sourceTree = "<group>"; };
		E40EA1012C56EB4900B1D1F3 /* ViewController.swift */ = {isa = PBXFileReference; lastKnownFileType = sourcecode.swift; path = ViewController.swift; sourceTree = "<group>"; };
		E40EA1042C56EB4900B1D1F3 /* Base */ = {isa = PBXFileReference; lastKnownFileType = file.storyboard; name = Base; path = Base.lproj/Main.storyboard; sourceTree = "<group>"; };
		E40EA1062C56EB4B00B1D1F3 /* Assets.xcassets */ = {isa = PBXFileReference; lastKnownFileType = folder.assetcatalog; path = Assets.xcassets; sourceTree = "<group>"; };
		E40EA1092C56EB4B00B1D1F3 /* Base */ = {isa = PBXFileReference; lastKnownFileType = file.storyboard; name = Base; path = Base.lproj/LaunchScreen.storyboard; sourceTree = "<group>"; };
		E40EA10B2C56EB4B00B1D1F3 /* Info.plist */ = {isa = PBXFileReference; lastKnownFileType = text.plist.xml; path = Info.plist; sourceTree = "<group>"; };
		E40EA1102C56EB4B00B1D1F3 /* FetchRewardsMockTests.xctest */ = {isa = PBXFileReference; explicitFileType = wrapper.cfbundle; includeInIndex = 0; path = FetchRewardsMockTests.xctest; sourceTree = BUILT_PRODUCTS_DIR; };
		E40EA1142C56EB4B00B1D1F3 /* FetchRewardsMockTests.swift */ = {isa = PBXFileReference; lastKnownFileType = sourcecode.swift; path = FetchRewardsMockTests.swift; sourceTree = "<group>"; };
		E40EA11A2C56EB4B00B1D1F3 /* FetchRewardsMockUITests.xctest */ = {isa = PBXFileReference; explicitFileType = wrapper.cfbundle; includeInIndex = 0; path = FetchRewardsMockUITests.xctest; sourceTree = BUILT_PRODUCTS_DIR; };
		E40EA11E2C56EB4B00B1D1F3 /* FetchRewardsMockUITests.swift */ = {isa = PBXFileReference; lastKnownFileType = sourcecode.swift; path = FetchRewardsMockUITests.swift; sourceTree = "<group>"; };
		E40EA1202C56EB4B00B1D1F3 /* FetchRewardsMockUITestsLaunchTests.swift */ = {isa = PBXFileReference; lastKnownFileType = sourcecode.swift; path = FetchRewardsMockUITestsLaunchTests.swift; sourceTree = "<group>"; };
		E40EA1312C56EF8600B1D1F3 /* Recipe.swift */ = {isa = PBXFileReference; lastKnownFileType = sourcecode.swift; path = Recipe.swift; sourceTree = "<group>"; };
		E40EA1332C56F0FF00B1D1F3 /* Meal.swift */ = {isa = PBXFileReference; lastKnownFileType = sourcecode.swift; path = Meal.swift; sourceTree = "<group>"; };
		E40EA1352C56F15D00B1D1F3 /* Category.swift */ = {isa = PBXFileReference; lastKnownFileType = sourcecode.swift; path = Category.swift; sourceTree = "<group>"; };
		E40EA1372C57005900B1D1F3 /* NetworkManager.swift */ = {isa = PBXFileReference; lastKnownFileType = sourcecode.swift; path = NetworkManager.swift; sourceTree = "<group>"; };
/* End PBXFileReference section */

/* Begin PBXFrameworksBuildPhase section */
		E40EA0F72C56EB4900B1D1F3 /* Frameworks */ = {
			isa = PBXFrameworksBuildPhase;
			buildActionMask = 2147483647;
			files = (
			);
			runOnlyForDeploymentPostprocessing = 0;
		};
		E40EA10D2C56EB4B00B1D1F3 /* Frameworks */ = {
			isa = PBXFrameworksBuildPhase;
			buildActionMask = 2147483647;
			files = (
			);
			runOnlyForDeploymentPostprocessing = 0;
		};
		E40EA1172C56EB4B00B1D1F3 /* Frameworks */ = {
			isa = PBXFrameworksBuildPhase;
			buildActionMask = 2147483647;
			files = (
			);
			runOnlyForDeploymentPostprocessing = 0;
		};
/* End PBXFrameworksBuildPhase section */

/* Begin PBXGroup section */
		E40EA0F12C56EB4900B1D1F3 = {
			isa = PBXGroup;
			children = (
				E40EA0FC2C56EB4900B1D1F3 /* FetchRewardsMock */,
				E40EA1132C56EB4B00B1D1F3 /* FetchRewardsMockTests */,
				E40EA11D2C56EB4B00B1D1F3 /* FetchRewardsMockUITests */,
				E40EA0FB2C56EB4900B1D1F3 /* Products */,
			);
			sourceTree = "<group>";
		};
		E40EA0FB2C56EB4900B1D1F3 /* Products */ = {
			isa = PBXGroup;
			children = (
				E40EA0FA2C56EB4900B1D1F3 /* FetchRewardsMock.app */,
				E40EA1102C56EB4B00B1D1F3 /* FetchRewardsMockTests.xctest */,
				E40EA11A2C56EB4B00B1D1F3 /* FetchRewardsMockUITests.xctest */,
			);
			name = Products;
			sourceTree = "<group>";
		};
		E40EA0FC2C56EB4900B1D1F3 /* FetchRewardsMock */ = {
			isa = PBXGroup;
			children = (
				E40EA0FD2C56EB4900B1D1F3 /* AppDelegate.swift */,
				E40EA0FF2C56EB4900B1D1F3 /* SceneDelegate.swift */,
				E40EA1302C56EE6000B1D1F3 /* ViewModels */,
				E40EA12F2C56EE5000B1D1F3 /* Models */,
				E40EA12E2C56EE4900B1D1F3 /* Networking */,
				E40EA12D2C56EE3D00B1D1F3 /* Views */,
				E40EA1032C56EB4900B1D1F3 /* Main.storyboard */,
				E40EA1062C56EB4B00B1D1F3 /* Assets.xcassets */,
				E40EA1082C56EB4B00B1D1F3 /* LaunchScreen.storyboard */,
				E40EA10B2C56EB4B00B1D1F3 /* Info.plist */,
			);
			path = FetchRewardsMock;
			sourceTree = "<group>";
		};
		E40EA1132C56EB4B00B1D1F3 /* FetchRewardsMockTests */ = {
			isa = PBXGroup;
			children = (
				E40EA1142C56EB4B00B1D1F3 /* FetchRewardsMockTests.swift */,
			);
			path = FetchRewardsMockTests;
			sourceTree = "<group>";
		};
		E40EA11D2C56EB4B00B1D1F3 /* FetchRewardsMockUITests */ = {
			isa = PBXGroup;
			children = (
				E40EA11E2C56EB4B00B1D1F3 /* FetchRewardsMockUITests.swift */,
				E40EA1202C56EB4B00B1D1F3 /* FetchRewardsMockUITestsLaunchTests.swift */,
			);
			path = FetchRewardsMockUITests;
			sourceTree = "<group>";
		};
		E40EA12D2C56EE3D00B1D1F3 /* Views */ = {
			isa = PBXGroup;
			children = (
				E40EA1012C56EB4900B1D1F3 /* ViewController.swift */,
			);
			path = Views;
			sourceTree = "<group>";
		};
		E40EA12E2C56EE4900B1D1F3 /* Networking */ = {
			isa = PBXGroup;
			children = (
				E40EA1372C57005900B1D1F3 /* NetworkManager.swift */,
			);
			path = Networking;
			sourceTree = "<group>";
		};
		E40EA12F2C56EE5000B1D1F3 /* Models */ = {
			isa = PBXGroup;
			children = (
				E40EA1312C56EF8600B1D1F3 /* Recipe.swift */,
				E40EA1332C56F0FF00B1D1F3 /* Meal.swift */,
				E40EA1352C56F15D00B1D1F3 /* Category.swift */,
			);
			path = Models;
			sourceTree = "<group>";
		};
		E40EA1302C56EE6000B1D1F3 /* ViewModels */ = {
			isa = PBXGroup;
			children = (
			);
			path = ViewModels;
			sourceTree = "<group>";
		};
/* End PBXGroup section */

/* Begin PBXNativeTarget section */
		E40EA0F92C56EB4900B1D1F3 /* FetchRewardsMock */ = {
			isa = PBXNativeTarget;
			buildConfigurationList = E40EA1242C56EB4B00B1D1F3 /* Build configuration list for PBXNativeTarget "FetchRewardsMock" */;
			buildPhases = (
				E40EA0F62C56EB4900B1D1F3 /* Sources */,
				E40EA0F72C56EB4900B1D1F3 /* Frameworks */,
				E40EA0F82C56EB4900B1D1F3 /* Resources */,
			);
			buildRules = (
			);
			dependencies = (
			);
			name = FetchRewardsMock;
			productName = FetchRewardsMock;
			productReference = E40EA0FA2C56EB4900B1D1F3 /* FetchRewardsMock.app */;
			productType = "com.apple.product-type.application";
		};
		E40EA10F2C56EB4B00B1D1F3 /* FetchRewardsMockTests */ = {
			isa = PBXNativeTarget;
			buildConfigurationList = E40EA1272C56EB4B00B1D1F3 /* Build configuration list for PBXNativeTarget "FetchRewardsMockTests" */;
			buildPhases = (
				E40EA10C2C56EB4B00B1D1F3 /* Sources */,
				E40EA10D2C56EB4B00B1D1F3 /* Frameworks */,
				E40EA10E2C56EB4B00B1D1F3 /* Resources */,
			);
			buildRules = (
			);
			dependencies = (
				E40EA1122C56EB4B00B1D1F3 /* PBXTargetDependency */,
			);
			name = FetchRewardsMockTests;
			productName = FetchRewardsMockTests;
			productReference = E40EA1102C56EB4B00B1D1F3 /* FetchRewardsMockTests.xctest */;
			productType = "com.apple.product-type.bundle.unit-test";
		};
		E40EA1192C56EB4B00B1D1F3 /* FetchRewardsMockUITests */ = {
			isa = PBXNativeTarget;
			buildConfigurationList = E40EA12A2C56EB4B00B1D1F3 /* Build configuration list for PBXNativeTarget "FetchRewardsMockUITests" */;
			buildPhases = (
				E40EA1162C56EB4B00B1D1F3 /* Sources */,
				E40EA1172C56EB4B00B1D1F3 /* Frameworks */,
				E40EA1182C56EB4B00B1D1F3 /* Resources */,
			);
			buildRules = (
			);
			dependencies = (
				E40EA11C2C56EB4B00B1D1F3 /* PBXTargetDependency */,
			);
			name = FetchRewardsMockUITests;
			productName = FetchRewardsMockUITests;
			productReference = E40EA11A2C56EB4B00B1D1F3 /* FetchRewardsMockUITests.xctest */;
			productType = "com.apple.product-type.bundle.ui-testing";
		};
/* End PBXNativeTarget section */

/* Begin PBXProject section */
		E40EA0F22C56EB4900B1D1F3 /* Project object */ = {
			isa = PBXProject;
			attributes = {
				BuildIndependentTargetsInParallel = 1;
				LastSwiftUpdateCheck = 1540;
				LastUpgradeCheck = 1540;
				TargetAttributes = {
					E40EA0F92C56EB4900B1D1F3 = {
						CreatedOnToolsVersion = 15.4;
					};
					E40EA10F2C56EB4B00B1D1F3 = {
						CreatedOnToolsVersion = 15.4;
						TestTargetID = E40EA0F92C56EB4900B1D1F3;
					};
					E40EA1192C56EB4B00B1D1F3 = {
						CreatedOnToolsVersion = 15.4;
						TestTargetID = E40EA0F92C56EB4900B1D1F3;
					};
				};
			};
			buildConfigurationList = E40EA0F52C56EB4900B1D1F3 /* Build configuration list for PBXProject "FetchRewardsMock" */;
			compatibilityVersion = "Xcode 14.0";
			developmentRegion = en;
			hasScannedForEncodings = 0;
			knownRegions = (
				en,
				Base,
			);
			mainGroup = E40EA0F12C56EB4900B1D1F3;
			productRefGroup = E40EA0FB2C56EB4900B1D1F3 /* Products */;
			projectDirPath = "";
			projectRoot = "";
			targets = (
				E40EA0F92C56EB4900B1D1F3 /* FetchRewardsMock */,
				E40EA10F2C56EB4B00B1D1F3 /* FetchRewardsMockTests */,
				E40EA1192C56EB4B00B1D1F3 /* FetchRewardsMockUITests */,
			);
		};
/* End PBXProject section */

/* Begin PBXResourcesBuildPhase section */
		E40EA0F82C56EB4900B1D1F3 /* Resources */ = {
			isa = PBXResourcesBuildPhase;
			buildActionMask = 2147483647;
			files = (
				E40EA1072C56EB4B00B1D1F3 /* Assets.xcassets in Resources */,
				E40EA10A2C56EB4B00B1D1F3 /* Base in Resources */,
				E40EA1052C56EB4900B1D1F3 /* Base in Resources */,
			);
			runOnlyForDeploymentPostprocessing = 0;
		};
		E40EA10E2C56EB4B00B1D1F3 /* Resources */ = {
			isa = PBXResourcesBuildPhase;
			buildActionMask = 2147483647;
			files = (
			);
			runOnlyForDeploymentPostprocessing = 0;
		};
		E40EA1182C56EB4B00B1D1F3 /* Resources */ = {
			isa = PBXResourcesBuildPhase;
			buildActionMask = 2147483647;
			files = (
			);
			runOnlyForDeploymentPostprocessing = 0;
		};
/* End PBXResourcesBuildPhase section */

/* Begin PBXSourcesBuildPhase section */
		E40EA0F62C56EB4900B1D1F3 /* Sources */ = {
			isa = PBXSourcesBuildPhase;
			buildActionMask = 2147483647;
			files = (
				E40EA1342C56F0FF00B1D1F3 /* Meal.swift in Sources */,
				E40EA1022C56EB4900B1D1F3 /* ViewController.swift in Sources */,
				E40EA0FE2C56EB4900B1D1F3 /* AppDelegate.swift in Sources */,
				E40EA1382C57005900B1D1F3 /* NetworkManager.swift in Sources */,
				E40EA1002C56EB4900B1D1F3 /* SceneDelegate.swift in Sources */,
				E40EA1322C56EF8600B1D1F3 /* Recipe.swift in Sources */,
				E40EA1362C56F15D00B1D1F3 /* Category.swift in Sources */,
			);
			runOnlyForDeploymentPostprocessing = 0;
		};
		E40EA10C2C56EB4B00B1D1F3 /* Sources */ = {
			isa = PBXSourcesBuildPhase;
			buildActionMask = 2147483647;
			files = (
				E40EA1152C56EB4B00B1D1F3 /* FetchRewardsMockTests.swift in Sources */,
			);
			runOnlyForDeploymentPostprocessing = 0;
		};
		E40EA1162C56EB4B00B1D1F3 /* Sources */ = {
			isa = PBXSourcesBuildPhase;
			buildActionMask = 2147483647;
			files = (
				E40EA1212C56EB4B00B1D1F3 /* FetchRewardsMockUITestsLaunchTests.swift in Sources */,
				E40EA11F2C56EB4B00B1D1F3 /* FetchRewardsMockUITests.swift in Sources */,
			);
			runOnlyForDeploymentPostprocessing = 0;
		};
/* End PBXSourcesBuildPhase section */

/* Begin PBXTargetDependency section */
		E40EA1122C56EB4B00B1D1F3 /* PBXTargetDependency */ = {
			isa = PBXTargetDependency;
			target = E40EA0F92C56EB4900B1D1F3 /* FetchRewardsMock */;
			targetProxy = E40EA1112C56EB4B00B1D1F3 /* PBXContainerItemProxy */;
		};
		E40EA11C2C56EB4B00B1D1F3 /* PBXTargetDependency */ = {
			isa = PBXTargetDependency;
			target = E40EA0F92C56EB4900B1D1F3 /* FetchRewardsMock */;
			targetProxy = E40EA11B2C56EB4B00B1D1F3 /* PBXContainerItemProxy */;
		};
/* End PBXTargetDependency section */

/* Begin PBXVariantGroup section */
		E40EA1032C56EB4900B1D1F3 /* Main.storyboard */ = {
			isa = PBXVariantGroup;
			children = (
				E40EA1042C56EB4900B1D1F3 /* Base */,
			);
			name = Main.storyboard;
			sourceTree = "<group>";
		};
		E40EA1082C56EB4B00B1D1F3 /* LaunchScreen.storyboard */ = {
			isa = PBXVariantGroup;
			children = (
				E40EA1092C56EB4B00B1D1F3 /* Base */,
			);
			name = LaunchScreen.storyboard;
			sourceTree = "<group>";
		};
/* End PBXVariantGroup section */

/* Begin XCBuildConfiguration section */
		E40EA1222C56EB4B00B1D1F3 /* Debug */ = {
			isa = XCBuildConfiguration;
			buildSettings = {
				ALWAYS_SEARCH_USER_PATHS = NO;
				ASSETCATALOG_COMPILER_GENERATE_SWIFT_ASSET_SYMBOL_EXTENSIONS = YES;
				CLANG_ANALYZER_NONNULL = YES;
				CLANG_ANALYZER_NUMBER_OBJECT_CONVERSION = YES_AGGRESSIVE;
				CLANG_CXX_LANGUAGE_STANDARD = "gnu++20";
				CLANG_ENABLE_MODULES = YES;
				CLANG_ENABLE_OBJC_ARC = YES;
				CLANG_ENABLE_OBJC_WEAK = YES;
				CLANG_WARN_BLOCK_CAPTURE_AUTORELEASING = YES;
				CLANG_WARN_BOOL_CONVERSION = YES;
				CLANG_WARN_COMMA = YES;
				CLANG_WARN_CONSTANT_CONVERSION = YES;
				CLANG_WARN_DEPRECATED_OBJC_IMPLEMENTATIONS = YES;
				CLANG_WARN_DIRECT_OBJC_ISA_USAGE = YES_ERROR;
				CLANG_WARN_DOCUMENTATION_COMMENTS = YES;
				CLANG_WARN_EMPTY_BODY = YES;
				CLANG_WARN_ENUM_CONVERSION = YES;
				CLANG_WARN_INFINITE_RECURSION = YES;
				CLANG_WARN_INT_CONVERSION = YES;
				CLANG_WARN_NON_LITERAL_NULL_CONVERSION = YES;
				CLANG_WARN_OBJC_IMPLICIT_RETAIN_SELF = YES;
				CLANG_WARN_OBJC_LITERAL_CONVERSION = YES;
				CLANG_WARN_OBJC_ROOT_CLASS = YES_ERROR;
				CLANG_WARN_QUOTED_INCLUDE_IN_FRAMEWORK_HEADER = YES;
				CLANG_WARN_RANGE_LOOP_ANALYSIS = YES;
				CLANG_WARN_STRICT_PROTOTYPES = YES;
				CLANG_WARN_SUSPICIOUS_MOVE = YES;
				CLANG_WARN_UNGUARDED_AVAILABILITY = YES_AGGRESSIVE;
				CLANG_WARN_UNREACHABLE_CODE = YES;
				CLANG_WARN__DUPLICATE_METHOD_MATCH = YES;
				COPY_PHASE_STRIP = NO;
				DEBUG_INFORMATION_FORMAT = dwarf;
				ENABLE_STRICT_OBJC_MSGSEND = YES;
				ENABLE_TESTABILITY = YES;
				ENABLE_USER_SCRIPT_SANDBOXING = YES;
				GCC_C_LANGUAGE_STANDARD = gnu17;
				GCC_DYNAMIC_NO_PIC = NO;
				GCC_NO_COMMON_BLOCKS = YES;
				GCC_OPTIMIZATION_LEVEL = 0;
				GCC_PREPROCESSOR_DEFINITIONS = (
					"DEBUG=1",
					"$(inherited)",
				);
				GCC_WARN_64_TO_32_BIT_CONVERSION = YES;
				GCC_WARN_ABOUT_RETURN_TYPE = YES_ERROR;
				GCC_WARN_UNDECLARED_SELECTOR = YES;
				GCC_WARN_UNINITIALIZED_AUTOS = YES_AGGRESSIVE;
				GCC_WARN_UNUSED_FUNCTION = YES;
				GCC_WARN_UNUSED_VARIABLE = YES;
				IPHONEOS_DEPLOYMENT_TARGET = 17.5;
				LOCALIZATION_PREFERS_STRING_CATALOGS = YES;
				MTL_ENABLE_DEBUG_INFO = INCLUDE_SOURCE;
				MTL_FAST_MATH = YES;
				ONLY_ACTIVE_ARCH = YES;
				SDKROOT = iphoneos;
				SWIFT_ACTIVE_COMPILATION_CONDITIONS = "DEBUG $(inherited)";
				SWIFT_OPTIMIZATION_LEVEL = "-Onone";
			};
			name = Debug;
		};
		E40EA1232C56EB4B00B1D1F3 /* Release */ = {
			isa = XCBuildConfiguration;
			buildSettings = {
				ALWAYS_SEARCH_USER_PATHS = NO;
				ASSETCATALOG_COMPILER_GENERATE_SWIFT_ASSET_SYMBOL_EXTENSIONS = YES;
				CLANG_ANALYZER_NONNULL = YES;
				CLANG_ANALYZER_NUMBER_OBJECT_CONVERSION = YES_AGGRESSIVE;
				CLANG_CXX_LANGUAGE_STANDARD = "gnu++20";
				CLANG_ENABLE_MODULES = YES;
				CLANG_ENABLE_OBJC_ARC = YES;
				CLANG_ENABLE_OBJC_WEAK = YES;
				CLANG_WARN_BLOCK_CAPTURE_AUTORELEASING = YES;
				CLANG_WARN_BOOL_CONVERSION = YES;
				CLANG_WARN_COMMA = YES;
				CLANG_WARN_CONSTANT_CONVERSION = YES;
				CLANG_WARN_DEPRECATED_OBJC_IMPLEMENTATIONS = YES;
				CLANG_WARN_DIRECT_OBJC_ISA_USAGE = YES_ERROR;
				CLANG_WARN_DOCUMENTATION_COMMENTS = YES;
				CLANG_WARN_EMPTY_BODY = YES;
				CLANG_WARN_ENUM_CONVERSION = YES;
				CLANG_WARN_INFINITE_RECURSION = YES;
				CLANG_WARN_INT_CONVERSION = YES;
				CLANG_WARN_NON_LITERAL_NULL_CONVERSION = YES;
				CLANG_WARN_OBJC_IMPLICIT_RETAIN_SELF = YES;
				CLANG_WARN_OBJC_LITERAL_CONVERSION = YES;
				CLANG_WARN_OBJC_ROOT_CLASS = YES_ERROR;
				CLANG_WARN_QUOTED_INCLUDE_IN_FRAMEWORK_HEADER = YES;
				CLANG_WARN_RANGE_LOOP_ANALYSIS = YES;
				CLANG_WARN_STRICT_PROTOTYPES = YES;
				CLANG_WARN_SUSPICIOUS_MOVE = YES;
				CLANG_WARN_UNGUARDED_AVAILABILITY = YES_AGGRESSIVE;
				CLANG_WARN_UNREACHABLE_CODE = YES;
				CLANG_WARN__DUPLICATE_METHOD_MATCH = YES;
				COPY_PHASE_STRIP = NO;
				DEBUG_INFORMATION_FORMAT = "dwarf-with-dsym";
				ENABLE_NS_ASSERTIONS = NO;
				ENABLE_STRICT_OBJC_MSGSEND = YES;
				ENABLE_USER_SCRIPT_SANDBOXING = YES;
				GCC_C_LANGUAGE_STANDARD = gnu17;
				GCC_NO_COMMON_BLOCKS = YES;
				GCC_WARN_64_TO_32_BIT_CONVERSION = YES;
				GCC_WARN_ABOUT_RETURN_TYPE = YES_ERROR;
				GCC_WARN_UNDECLARED_SELECTOR = YES;
				GCC_WARN_UNINITIALIZED_AUTOS = YES_AGGRESSIVE;
				GCC_WARN_UNUSED_FUNCTION = YES;
				GCC_WARN_UNUSED_VARIABLE = YES;
				IPHONEOS_DEPLOYMENT_TARGET = 17.5;
				LOCALIZATION_PREFERS_STRING_CATALOGS = YES;
				MTL_ENABLE_DEBUG_INFO = NO;
				MTL_FAST_MATH = YES;
				SDKROOT = iphoneos;
				SWIFT_COMPILATION_MODE = wholemodule;
				VALIDATE_PRODUCT = YES;
			};
			name = Release;
		};
		E40EA1252C56EB4B00B1D1F3 /* Debug */ = {
			isa = XCBuildConfiguration;
			buildSettings = {
				ASSETCATALOG_COMPILER_APPICON_NAME = AppIcon;
				ASSETCATALOG_COMPILER_GLOBAL_ACCENT_COLOR_NAME = AccentColor;
				CODE_SIGN_STYLE = Automatic;
				CURRENT_PROJECT_VERSION = 1;
				DEVELOPMENT_TEAM = Z928ALPHEA;
				GENERATE_INFOPLIST_FILE = YES;
				INFOPLIST_FILE = FetchRewardsMock/Info.plist;
				INFOPLIST_KEY_UIApplicationSupportsIndirectInputEvents = YES;
				INFOPLIST_KEY_UILaunchStoryboardName = LaunchScreen;
				INFOPLIST_KEY_UIMainStoryboardFile = Main;
				INFOPLIST_KEY_UISupportedInterfaceOrientations_iPad = "UIInterfaceOrientationPortrait UIInterfaceOrientationPortraitUpsideDown UIInterfaceOrientationLandscapeLeft UIInterfaceOrientationLandscapeRight";
				INFOPLIST_KEY_UISupportedInterfaceOrientations_iPhone = "UIInterfaceOrientationPortrait UIInterfaceOrientationLandscapeLeft UIInterfaceOrientationLandscapeRight";
				LD_RUNPATH_SEARCH_PATHS = (
					"$(inherited)",
					"@executable_path/Frameworks",
				);
				MARKETING_VERSION = 1.0;
				PRODUCT_BUNDLE_IDENTIFIER = com.edvinlellhame.FetchRewardsMock;
				PRODUCT_NAME = "$(TARGET_NAME)";
				SWIFT_EMIT_LOC_STRINGS = YES;
				SWIFT_VERSION = 5.0;
				TARGETED_DEVICE_FAMILY = "1,2";
			};
			name = Debug;
		};
		E40EA1262C56EB4B00B1D1F3 /* Release */ = {
			isa = XCBuildConfiguration;
			buildSettings = {
				ASSETCATALOG_COMPILER_APPICON_NAME = AppIcon;
				ASSETCATALOG_COMPILER_GLOBAL_ACCENT_COLOR_NAME = AccentColor;
				CODE_SIGN_STYLE = Automatic;
				CURRENT_PROJECT_VERSION = 1;
				DEVELOPMENT_TEAM = Z928ALPHEA;
				GENERATE_INFOPLIST_FILE = YES;
				INFOPLIST_FILE = FetchRewardsMock/Info.plist;
				INFOPLIST_KEY_UIApplicationSupportsIndirectInputEvents = YES;
				INFOPLIST_KEY_UILaunchStoryboardName = LaunchScreen;
				INFOPLIST_KEY_UIMainStoryboardFile = Main;
				INFOPLIST_KEY_UISupportedInterfaceOrientations_iPad = "UIInterfaceOrientationPortrait UIInterfaceOrientationPortraitUpsideDown UIInterfaceOrientationLandscapeLeft UIInterfaceOrientationLandscapeRight";
				INFOPLIST_KEY_UISupportedInterfaceOrientations_iPhone = "UIInterfaceOrientationPortrait UIInterfaceOrientationLandscapeLeft UIInterfaceOrientationLandscapeRight";
				LD_RUNPATH_SEARCH_PATHS = (
					"$(inherited)",
					"@executable_path/Frameworks",
				);
				MARKETING_VERSION = 1.0;
				PRODUCT_BUNDLE_IDENTIFIER = com.edvinlellhame.FetchRewardsMock;
				PRODUCT_NAME = "$(TARGET_NAME)";
				SWIFT_EMIT_LOC_STRINGS = YES;
				SWIFT_VERSION = 5.0;
				TARGETED_DEVICE_FAMILY = "1,2";
			};
			name = Release;
		};
		E40EA1282C56EB4B00B1D1F3 /* Debug */ = {
			isa = XCBuildConfiguration;
			buildSettings = {
				ALWAYS_EMBED_SWIFT_STANDARD_LIBRARIES = YES;
				BUNDLE_LOADER = "$(TEST_HOST)";
				CODE_SIGN_STYLE = Automatic;
				CURRENT_PROJECT_VERSION = 1;
				DEVELOPMENT_TEAM = Z928ALPHEA;
				GENERATE_INFOPLIST_FILE = YES;
				IPHONEOS_DEPLOYMENT_TARGET = 17.5;
				MARKETING_VERSION = 1.0;
				PRODUCT_BUNDLE_IDENTIFIER = com.edvinlellhame.FetchRewardsMockTests;
				PRODUCT_NAME = "$(TARGET_NAME)";
				SWIFT_EMIT_LOC_STRINGS = NO;
				SWIFT_VERSION = 5.0;
				TARGETED_DEVICE_FAMILY = "1,2";
				TEST_HOST = "$(BUILT_PRODUCTS_DIR)/FetchRewardsMock.app/$(BUNDLE_EXECUTABLE_FOLDER_PATH)/FetchRewardsMock";
			};
			name = Debug;
		};
		E40EA1292C56EB4B00B1D1F3 /* Release */ = {
			isa = XCBuildConfiguration;
			buildSettings = {
				ALWAYS_EMBED_SWIFT_STANDARD_LIBRARIES = YES;
				BUNDLE_LOADER = "$(TEST_HOST)";
				CODE_SIGN_STYLE = Automatic;
				CURRENT_PROJECT_VERSION = 1;
				DEVELOPMENT_TEAM = Z928ALPHEA;
				GENERATE_INFOPLIST_FILE = YES;
				IPHONEOS_DEPLOYMENT_TARGET = 17.5;
				MARKETING_VERSION = 1.0;
				PRODUCT_BUNDLE_IDENTIFIER = com.edvinlellhame.FetchRewardsMockTests;
				PRODUCT_NAME = "$(TARGET_NAME)";
				SWIFT_EMIT_LOC_STRINGS = NO;
				SWIFT_VERSION = 5.0;
				TARGETED_DEVICE_FAMILY = "1,2";
				TEST_HOST = "$(BUILT_PRODUCTS_DIR)/FetchRewardsMock.app/$(BUNDLE_EXECUTABLE_FOLDER_PATH)/FetchRewardsMock";
			};
			name = Release;
		};
		E40EA12B2C56EB4B00B1D1F3 /* Debug */ = {
			isa = XCBuildConfiguration;
			buildSettings = {
				ALWAYS_EMBED_SWIFT_STANDARD_LIBRARIES = YES;
				CODE_SIGN_STYLE = Automatic;
				CURRENT_PROJECT_VERSION = 1;
				DEVELOPMENT_TEAM = Z928ALPHEA;
				GENERATE_INFOPLIST_FILE = YES;
				MARKETING_VERSION = 1.0;
				PRODUCT_BUNDLE_IDENTIFIER = com.edvinlellhame.FetchRewardsMockUITests;
				PRODUCT_NAME = "$(TARGET_NAME)";
				SWIFT_EMIT_LOC_STRINGS = NO;
				SWIFT_VERSION = 5.0;
				TARGETED_DEVICE_FAMILY = "1,2";
				TEST_TARGET_NAME = FetchRewardsMock;
			};
			name = Debug;
		};
		E40EA12C2C56EB4B00B1D1F3 /* Release */ = {
			isa = XCBuildConfiguration;
			buildSettings = {
				ALWAYS_EMBED_SWIFT_STANDARD_LIBRARIES = YES;
				CODE_SIGN_STYLE = Automatic;
				CURRENT_PROJECT_VERSION = 1;
				DEVELOPMENT_TEAM = Z928ALPHEA;
				GENERATE_INFOPLIST_FILE = YES;
				MARKETING_VERSION = 1.0;
				PRODUCT_BUNDLE_IDENTIFIER = com.edvinlellhame.FetchRewardsMockUITests;
				PRODUCT_NAME = "$(TARGET_NAME)";
				SWIFT_EMIT_LOC_STRINGS = NO;
				SWIFT_VERSION = 5.0;
				TARGETED_DEVICE_FAMILY = "1,2";
				TEST_TARGET_NAME = FetchRewardsMock;
			};
			name = Release;
		};
/* End XCBuildConfiguration section */

/* Begin XCConfigurationList section */
		E40EA0F52C56EB4900B1D1F3 /* Build configuration list for PBXProject "FetchRewardsMock" */ = {
			isa = XCConfigurationList;
			buildConfigurations = (
				E40EA1222C56EB4B00B1D1F3 /* Debug */,
				E40EA1232C56EB4B00B1D1F3 /* Release */,
			);
			defaultConfigurationIsVisible = 0;
			defaultConfigurationName = Release;
		};
		E40EA1242C56EB4B00B1D1F3 /* Build configuration list for PBXNativeTarget "FetchRewardsMock" */ = {
			isa = XCConfigurationList;
			buildConfigurations = (
				E40EA1252C56EB4B00B1D1F3 /* Debug */,
				E40EA1262C56EB4B00B1D1F3 /* Release */,
			);
			defaultConfigurationIsVisible = 0;
			defaultConfigurationName = Release;
		};
		E40EA1272C56EB4B00B1D1F3 /* Build configuration list for PBXNativeTarget "FetchRewardsMockTests" */ = {
			isa = XCConfigurationList;
			buildConfigurations = (
				E40EA1282C56EB4B00B1D1F3 /* Debug */,
				E40EA1292C56EB4B00B1D1F3 /* Release */,
			);
			defaultConfigurationIsVisible = 0;
			defaultConfigurationName = Release;
		};
		E40EA12A2C56EB4B00B1D1F3 /* Build configuration list for PBXNativeTarget "FetchRewardsMockUITests" */ = {
			isa = XCConfigurationList;
			buildConfigurations = (
				E40EA12B2C56EB4B00B1D1F3 /* Debug */,
				E40EA12C2C56EB4B00B1D1F3 /* Release */,
			);
			defaultConfigurationIsVisible = 0;
			defaultConfigurationName = Release;
		};
/* End XCConfigurationList section */
	};
	rootObject = E40EA0F22C56EB4900B1D1F3 /* Project object */;
}
